
Microsoft Visual Studio Solution File, Format Version 12.00
# Visual Studio Version 17
VisualStudioVersion = 17.10.35027.167
MinimumVisualStudioVersion = 10.0.40219.1
Project("{9A19103F-16F7-4668-BE54-9A1E7A4F7556}") = "Documents.WebApi", "Documents.WebApi\Documents.WebApi.csproj", "{FC3ADC4A-D098-4AB6-B4CB-21D4475B642E}"
EndProject
Project("{9A19103F-16F7-4668-BE54-9A1E7A4F7556}") = "Documents.Application", "Documents.Application\Documents.Application.csproj", "{B64F263F-AC75-4788-9C88-737287B18EA6}"
EndProject
Project("{9A19103F-16F7-4668-BE54-9A1E7A4F7556}") = "Documents.Infrastructure", "Documents.Infrastructure\Documents.Infrastructure.csproj", "{BBD71F71-6367-4D67-9B06-C01024933A76}"
EndProject
Global
	GlobalSection(SolutionConfigurationPlatforms) = preSolution
		Debug|Any CPU = Debug|Any CPU
		Release|Any CPU = Release|Any CPU
	EndGlobalSection
	GlobalSection(ProjectConfigurationPlatforms) = postSolution
		{FC3ADC4A-D098-4AB6-B4CB-21D4475B642E}.Debug|Any CPU.ActiveCfg = Debug|Any CPU
		{FC3ADC4A-D098-4AB6-B4CB-21D4475B642E}.Debug|Any CPU.Build.0 = Debug|Any CPU
		{FC3ADC4A-D098-4AB6-B4CB-21D4475B642E}.Release|Any CPU.ActiveCfg = Release|Any CPU
		{FC3ADC4A-D098-4AB6-B4CB-21D4475B642E}.Release|Any CPU.Build.0 = Release|Any CPU
		{B64F263F-AC75-4788-9C88-737287B18EA6}.Debug|Any CPU.ActiveCfg = Debug|Any CPU
		{B64F263F-AC75-4788-9C88-737287B18EA6}.Debug|Any CPU.Build.0 = Debug|Any CPU
		{B64F263F-AC75-4788-9C88-737287B18EA6}.Release|Any CPU.ActiveCfg = Release|Any CPU
		{B64F263F-AC75-4788-9C88-737287B18EA6}.Release|Any CPU.Build.0 = Release|Any CPU
		{BBD71F71-6367-4D67-9B06-C01024933A76}.Debug|Any CPU.ActiveCfg = Debug|Any CPU
		{BBD71F71-6367-4D67-9B06-C01024933A76}.Debug|Any CPU.Build.0 = Debug|Any CPU
		{BBD71F71-6367-4D67-9B06-C01024933A76}.Release|Any CPU.ActiveCfg = Release|Any CPU
		{BBD71F71-6367-4D67-9B06-C01024933A76}.Release|Any CPU.Build.0 = Release|Any CPU
	EndGlobalSection
	GlobalSection(SolutionProperties) = preSolution
		HideSolutionNode = FALSE
	EndGlobalSection
	GlobalSection(ExtensibilityGlobals) = postSolution
		SolutionGuid = {24CF85CA-32F8-43A1-8CC9-E2A2473EB325}
	EndGlobalSection
EndGlobal
